{"filter":false,"title":"Gemfile.lock","tooltip":"/Gemfile.lock","undoManager":{"mark":-1,"position":-1,"stack":[]},"ace":{"folds":[],"scrolltop":961,"scrollleft":0,"selection":{"start":{"row":67,"column":6},"end":{"row":67,"column":10},"isBackwards":false},"options":{"guessTabSize":true,"useWrapMode":false,"wrapToView":true},"firstLineState":{"row":52,"state":"start","mode":"ace/mode/text"}},"timestamp":1507486029219,"hash":"c15036ba545b7a5160cab32f7b2e475c1044a49b"}